
Microsoft Visual Studio Solution File, Format Version 12.00
# Visual Studio Version 16
VisualStudioVersion = 16.0.29613.14
MinimumVisualStudioVersion = 10.0.40219.1
Project("{FAE04EC0-301F-11D3-BF4B-00C04F79EFBC}") = "WpfAppWebCharts", "WpfAppWebCharts\WpfAppWebCharts.csproj", "{1D77EAA5-B891-4F6C-B632-7A55DBD3F12B}"
EndProject
Global
	GlobalSection(SolutionConfigurationPlatforms) = preSolution
		Debug|Any CPU = Debug|Any CPU
		Release|Any CPU = Release|Any CPU
	EndGlobalSection
	GlobalSection(ProjectConfigurationPlatforms) = postSolution
		{1D77EAA5-B891-4F6C-B632-7A55DBD3F12B}.Debug|Any CPU.ActiveCfg = Debug|Any CPU
		{1D77EAA5-B891-4F6C-B632-7A55DBD3F12B}.Debug|Any CPU.Build.0 = Debug|Any CPU
		{1D77EAA5-B891-4F6C-B632-7A55DBD3F12B}.Release|Any CPU.ActiveCfg = Release|Any CPU
		{1D77EAA5-B891-4F6C-B632-7A55DBD3F12B}.Release|Any CPU.Build.0 = Release|Any CPU
	EndGlobalSection
	GlobalSection(SolutionProperties) = preSolution
		HideSolutionNode = FALSE
	EndGlobalSection
	GlobalSection(ExtensibilityGlobals) = postSolution
		SolutionGuid = {96E64057-0B40-457E-8932-DF6E830B2430}
	EndGlobalSection
EndGlobal
